
Microsoft Visual Studio Solution File, Format Version 12.00
# Visual Studio Version 16
VisualStudioVersion = 16.0.29709.97
MinimumVisualStudioVersion = 10.0.40219.1
Project("{8BC9CEB8-8B4A-11D0-8D11-00A0C91BC942}") = "Project4", "Project4.vcxproj", "{F05BF4E3-3552-4094-8181-6EC3DA68D259}"
EndProject
Global
	GlobalSection(SolutionConfigurationPlatforms) = preSolution
		Debug|x64 = Debug|x64
		Debug|x86 = Debug|x86
		Release|x64 = Release|x64
		Release|x86 = Release|x86
	EndGlobalSection
	GlobalSection(ProjectConfigurationPlatforms) = postSolution
		{F05BF4E3-3552-4094-8181-6EC3DA68D259}.Debug|x64.ActiveCfg = Debug|x64
		{F05BF4E3-3552-4094-8181-6EC3DA68D259}.Debug|x64.Build.0 = Debug|x64
		{F05BF4E3-3552-4094-8181-6EC3DA68D259}.Debug|x86.ActiveCfg = Debug|Win32
		{F05BF4E3-3552-4094-8181-6EC3DA68D259}.Debug|x86.Build.0 = Debug|Win32
		{F05BF4E3-3552-4094-8181-6EC3DA68D259}.Release|x64.ActiveCfg = Release|x64
		{F05BF4E3-3552-4094-8181-6EC3DA68D259}.Release|x64.Build.0 = Release|x64
		{F05BF4E3-3552-4094-8181-6EC3DA68D259}.Release|x86.ActiveCfg = Release|Win32
		{F05BF4E3-3552-4094-8181-6EC3DA68D259}.Release|x86.Build.0 = Release|Win32
	EndGlobalSection
	GlobalSection(SolutionProperties) = preSolution
		HideSolutionNode = FALSE
	EndGlobalSection
	GlobalSection(ExtensibilityGlobals) = postSolution
		SolutionGuid = {412A7041-AC55-4E27-8D71-7F623C4FB693}
	EndGlobalSection
EndGlobal
